
Microsoft Visual Studio Solution File, Format Version 12.00
# Visual Studio Version 17
VisualStudioVersion = 17.8.34322.80
MinimumVisualStudioVersion = 10.0.40219.1
Project("{FAE04EC0-301F-11D3-BF4B-00C04F79EFBC}") = "Anasayfa", "Anasayfa.csproj", "{68AFDFA8-34F7-4D09-A8BB-E287B2B241BE}"
EndProject
Global
	GlobalSection(SolutionConfigurationPlatforms) = preSolution
		Debug|Any CPU = Debug|Any CPU
		Release|Any CPU = Release|Any CPU
	EndGlobalSection
	GlobalSection(ProjectConfigurationPlatforms) = postSolution
		{68AFDFA8-34F7-4D09-A8BB-E287B2B241BE}.Debug|Any CPU.ActiveCfg = Debug|Any CPU
		{68AFDFA8-34F7-4D09-A8BB-E287B2B241BE}.Debug|Any CPU.Build.0 = Debug|Any CPU
		{68AFDFA8-34F7-4D09-A8BB-E287B2B241BE}.Release|Any CPU.ActiveCfg = Release|Any CPU
		{68AFDFA8-34F7-4D09-A8BB-E287B2B241BE}.Release|Any CPU.Build.0 = Release|Any CPU
	EndGlobalSection
	GlobalSection(SolutionProperties) = preSolution
		HideSolutionNode = FALSE
	EndGlobalSection
	GlobalSection(ExtensibilityGlobals) = postSolution
		SolutionGuid = {B553384A-FC34-4FA7-AB9D-9C165D32DCFC}
	EndGlobalSection
EndGlobal
